<?xml version="1.0" encoding="UTF-8" standalone="yes" ?>
<CodeBlocks_project_file>
	<FileVersion major="1" minor="6" />
	<Project>
		<Option title="oopds-robots" />
		<Option pch_mode="2" />
		<Option compiler="gcc" />
		<Build>
			<Target title="Debug">
				<Option output="bin/Debug/oopds-robots" prefix_auto="1" extension_auto="1" />
				<Option object_output="obj/Debug/" />
				<Option type="1" />
				<Option compiler="gcc" />
				<Compiler>
					<Add option="-g" />
					<Add directory="include" />
					<Add directory="./" />
				</Compiler>
			</Target>
			<Target title="Release">
				<Option output="bin/Release/oopds-robots" prefix_auto="1" extension_auto="1" />
				<Option object_output="obj/Release/" />
				<Option type="1" />
				<Option compiler="gcc" />
				<Compiler>
					<Add option="-O2" />
					<Add directory="include" />
					<Add directory="./" />
				</Compiler>
				<Linker>
					<Add option="-s" />
				</Linker>
			</Target>
		</Build>
		<Compiler>
			<Add option="-Wall" />
			<Add option="-fexceptions" />
		</Compiler>
		<Unit filename="ASG_CCP6124_2510_TC2L_G03_AbdullahH_BongWeiQiangL_Prabu_Yoshenan.cpp" />
		<Unit filename="Battlefield.cpp" />
		<Unit filename="Battlefield.h" />
		<Unit filename="DodgeBot.cpp" />
		<Unit filename="DodgeBot.h" />
		<Unit filename="GenericRobot.cpp" />
		<Unit filename="GenericRobot.h" />
		<Unit filename="HideBot.cpp" />
		<Unit filename="HideBot.h" />
		<Unit filename="JumpBot.cpp" />
		<Unit filename="JumpBot.h" />
		<Unit filename="LifeStealBot.cpp" />
		<Unit filename="LifeStealBot.h" />
		<Unit filename="LongShotBot.cpp" />
		<Unit filename="LongShotBot.h" />
		<Unit filename="MovingRobot.cpp" />
		<Unit filename="MovingRobot.h" />
		<Unit filename="Robot.cpp" />
		<Unit filename="Robot.h" />
		<Unit filename="ScoutBot.cpp" />
		<Unit filename="ScoutBot.h" />
		<Unit filename="SeeingRobot.cpp" />
		<Unit filename="SeeingRobot.h" />
		<Unit filename="SemiAutoBot.cpp" />
		<Unit filename="SemiAutoBot.h" />
		<Unit filename="ShootingRobot.cpp" />
		<Unit filename="ShootingRobot.h" />
		<Unit filename="ShotgunBot.cpp" />
		<Unit filename="ShotgunBot.h" />
		<Unit filename="ThinkingRobot.cpp" />
		<Unit filename="ThinkingRobot.h" />
		<Unit filename="ThirtyShotBot.cpp" />
		<Unit filename="ThirtyShotBot.h" />
		<Unit filename="TrackBot.cpp" />
		<Unit filename="TrackBot.h" />
		<Extensions>
			<lib_finder disable_auto="1" />
		</Extensions>
	</Project>
</CodeBlocks_project_file>
